
Microsoft Visual Studio Solution File, Format Version 12.00
# Visual Studio Version 17
VisualStudioVersion = 17.6.33829.357
MinimumVisualStudioVersion = 10.0.40219.1
Project("{FAE04EC0-301F-11D3-BF4B-00C04F79EFBC}") = "BgUcakRezervasyonUygulaması", "BgUcakRezervasyonUygulaması\BgUcakRezervasyonUygulaması.csproj", "{29215511-11A6-44E5-BA55-60BCD638F9BC}"
EndProject
Global
	GlobalSection(SolutionConfigurationPlatforms) = preSolution
		Debug|Any CPU = Debug|Any CPU
		Release|Any CPU = Release|Any CPU
	EndGlobalSection
	GlobalSection(ProjectConfigurationPlatforms) = postSolution
		{29215511-11A6-44E5-BA55-60BCD638F9BC}.Debug|Any CPU.ActiveCfg = Debug|Any CPU
		{29215511-11A6-44E5-BA55-60BCD638F9BC}.Debug|Any CPU.Build.0 = Debug|Any CPU
		{29215511-11A6-44E5-BA55-60BCD638F9BC}.Release|Any CPU.ActiveCfg = Release|Any CPU
		{29215511-11A6-44E5-BA55-60BCD638F9BC}.Release|Any CPU.Build.0 = Release|Any CPU
	EndGlobalSection
	GlobalSection(SolutionProperties) = preSolution
		HideSolutionNode = FALSE
	EndGlobalSection
	GlobalSection(ExtensibilityGlobals) = postSolution
		SolutionGuid = {2676EC2A-C38E-460E-BDC0-9AF17DE6E559}
	EndGlobalSection
EndGlobal
